github.com/adrianwit/serverless_e2e v0.0.0-20190117053601-5301a058b6ed h1:c+oqC9lpBoAgBC+Nm4d53j+JepkbuGVFt2ya8886UWc=
github.com/aws/aws-lambda-go v1.8.1 h1:nHBpP6XC30bwF6qWKrw/BrK2A8i4GKmSZzajTBIJS4A=
github.com/aws/aws-lambda-go v1.8.1/go.mod h1:zUsUQhAUjYzR8AuduJPCfhBuKWUaDbQiPOG+ouzmE1A=
github.com/aws/aws-sdk-go v1.16.26 h1:GWkl3rkRO/JGRTWoLLIqwf7AWC4/W/1hMOUZqmX0js4=
github.com/aws/aws-sdk-go v1.16.26/go.mod h1:KmX6BPdI08NWTb3/sm4ZGu5ShLoqVDhKgpiN924inxo=
github.com/davecgh/go-spew v1.1.0 h1:ZDRjVQ15GmhC3fiQ8ni8+OwkZQO4DARzQgrnXU1Liz8=
github.com/davecgh/go-spew v1.1.0/go.mod h1:J7Y8YcW2NihsgmVo/mv3lAwl/skON4iLHjSsI+c5H38=
github.com/jmespath/go-jmespath v0.0.0-20180206201540-c2b33e8439af h1:pmfjZENx5imkbgOkpRUYLnmbU7UEFbjtDA2hxJ1ichM=
github.com/jmespath/go-jmespath v0.0.0-20180206201540-c2b33e8439af/go.mod h1:Nht3zPeWKUH0NzdCt2Blrr5ys8VGpn0CEB0cQHVjt7k=
github.com/pmezard/go-difflib v1.0.0 h1:4DBwDE0NGyQoBHbLQYPwSUPoCMWR5BEzIk/f1lZbAQM=
github.com/pmezard/go-difflib v1.0.0/go.mod h1:iKH77koFhYxTK1pcRnkKkqfTogsbg7gZNVY4sRDYZ/4=
github.com/stretchr/objx v0.1.0/go.mod h1:HFkY916IF+rwdDfMAkV7OtwuqBVzrE8GR6GFx+wExME=
github.com/stretchr/testify v1.3.0 h1:TivCn/peBQ7UY8ooIcPgZFpTNSz0Q2U6UrFlUfqbe0Q=
github.com/stretchr/testify v1.3.0/go.mod h1:M5WIy9Dh21IEIfnGCwXGc5bZfKNJtfHm1UVUgZn+9EI=
golang.org/x/net v0.0.0-20190125091013-d26f9f9a57f3 h1:ulvT7fqt0yHWzpJwI57MezWnYDVpCAYBVuYst/L+fAY=
golang.org/x/net v0.0.0-20190125091013-d26f9f9a57f3/go.mod h1:mL1N/T3taQHkDXs73rZJwtUhF3w3ftmwwsq0BUmARs4=
golang.org/x/text v0.3.0 h1:g61tztE5qeGQ89tm6NTjjM9VPIm088od1l6aSorWRWg=
golang.org/x/text v0.3.0/go.mod h1:NqM8EUOU14njkJ3fqMW+pc6Ldnwhi/IjpwHt7yyuwOQ=
